// !$*UTF8*$!
{
	archiveVersion = 1;
	classes = {
	};
	objectVersion = 46;
	objects = {

/* Begin PBXBuildFile section */
		194EABF31C44D47100D9868A /* Bolts.framework in Frameworks */ = {isa = PBXBuildFile; fileRef = 194EABF11C44D47100D9868A /* Bolts.framework */; };
		194EABF41C44D47100D9868A /* Parse.framework in Frameworks */ = {isa = PBXBuildFile; fileRef = 194EABF21C44D47100D9868A /* Parse.framework */; };
		194EABF61C44DB5900D9868A /* AudioToolbox.framework in Frameworks */ = {isa = PBXBuildFile; fileRef = 194EABF51C44DB5800D9868A /* AudioToolbox.framework */; };
		194EABF81C44DB6100D9868A /* CFNetwork.framework in Frameworks */ = {isa = PBXBuildFile; fileRef = 194EABF71C44DB6100D9868A /* CFNetwork.framework */; };
		194EABFA1C44DB7300D9868A /* QuartzCore.framework in Frameworks */ = {isa = PBXBuildFile; fileRef = 194EABF91C44DB7300D9868A /* QuartzCore.framework */; };
		194EABFC1C44DB7F00D9868A /* Security.framework in Frameworks */ = {isa = PBXBuildFile; fileRef = 194EABFB1C44DB7F00D9868A /* Security.framework */; };
		194EAC001C44DB9100D9868A /* SystemConfiguration.framework in Frameworks */ = {isa = PBXBuildFile; fileRef = 194EABFF1C44DB9100D9868A /* SystemConfiguration.framework */; };
		194EAC021C44DB9D00D9868A /* libz.tbd in Frameworks */ = {isa = PBXBuildFile; fileRef = 194EAC011C44DB9D00D9868A /* libz.tbd */; };
		194EAC041C44DBA800D9868A /* libsqlite3.tbd in Frameworks */ = {isa = PBXBuildFile; fileRef = 194EAC031C44DBA800D9868A /* libsqlite3.tbd */; };
		1961D1C81A77568800425562 /* About.m in Sources */ = {isa = PBXBuildFile; fileRef = 1961D1C71A77568800425562 /* About.m */; };
		1961D1CB1A77569D00425562 /* Contact.m in Sources */ = {isa = PBXBuildFile; fileRef = 1961D1CA1A77569D00425562 /* Contact.m */; };
		1961D1CD1A7759FC00425562 /* AVFoundation.framework in Frameworks */ = {isa = PBXBuildFile; fileRef = 1961D1CC1A7759FC00425562 /* AVFoundation.framework */; };
		198D77C51C3D2CF300973A6D /* bayanCell.m in Sources */ = {isa = PBXBuildFile; fileRef = 198D77C41C3D2CF300973A6D /* bayanCell.m */; };
		199B87AD1A850B11009E43AC /* WebService.m in Sources */ = {isa = PBXBuildFile; fileRef = 199B87AC1A850B11009E43AC /* WebService.m */; };
		19E5A4D7197EA902009FE7D5 /* Foundation.framework in Frameworks */ = {isa = PBXBuildFile; fileRef = 19E5A4D6197EA902009FE7D5 /* Foundation.framework */; };
		19E5A4D9197EA902009FE7D5 /* CoreGraphics.framework in Frameworks */ = {isa = PBXBuildFile; fileRef = 19E5A4D8197EA902009FE7D5 /* CoreGraphics.framework */; };
		19E5A4DB197EA902009FE7D5 /* UIKit.framework in Frameworks */ = {isa = PBXBuildFile; fileRef = 19E5A4DA197EA902009FE7D5 /* UIKit.framework */; };
		19E5A4E1197EA902009FE7D5 /* InfoPlist.strings in Resources */ = {isa = PBXBuildFile; fileRef = 19E5A4DF197EA902009FE7D5 /* InfoPlist.strings */; };
		19E5A4E3197EA902009FE7D5 /* main.m in Sources */ = {isa = PBXBuildFile; fileRef = 19E5A4E2197EA902009FE7D5 /* main.m */; };
		19E5A4E7197EA902009FE7D5 /* AppDelegate.m in Sources */ = {isa = PBXBuildFile; fileRef = 19E5A4E6197EA902009FE7D5 /* AppDelegate.m */; };
		19E5A4EA197EA902009FE7D5 /* Main.storyboard in Resources */ = {isa = PBXBuildFile; fileRef = 19E5A4E8197EA902009FE7D5 /* Main.storyboard */; };
		19E5A4ED197EA902009FE7D5 /* Bayan.m in Sources */ = {isa = PBXBuildFile; fileRef = 19E5A4EC197EA902009FE7D5 /* Bayan.m */; };
		19E5A4EF197EA902009FE7D5 /* Images.xcassets in Resources */ = {isa = PBXBuildFile; fileRef = 19E5A4EE197EA902009FE7D5 /* Images.xcassets */; };
		19E5A4F6197EA902009FE7D5 /* XCTest.framework in Frameworks */ = {isa = PBXBuildFile; fileRef = 19E5A4F5197EA902009FE7D5 /* XCTest.framework */; };
		19E5A4F7197EA902009FE7D5 /* Foundation.framework in Frameworks */ = {isa = PBXBuildFile; fileRef = 19E5A4D6197EA902009FE7D5 /* Foundation.framework */; };
		19E5A4F8197EA902009FE7D5 /* UIKit.framework in Frameworks */ = {isa = PBXBuildFile; fileRef = 19E5A4DA197EA902009FE7D5 /* UIKit.framework */; };
		19E5A500197EA902009FE7D5 /* InfoPlist.strings in Resources */ = {isa = PBXBuildFile; fileRef = 19E5A4FE197EA902009FE7D5 /* InfoPlist.strings */; };
		19E5A502197EA902009FE7D5 /* FahmedeenTests.m in Sources */ = {isa = PBXBuildFile; fileRef = 19E5A501197EA902009FE7D5 /* FahmedeenTests.m */; };
		19E5A50D197EA944009FE7D5 /* SWRevealViewController.m in Sources */ = {isa = PBXBuildFile; fileRef = 19E5A50B197EA944009FE7D5 /* SWRevealViewController.m */; };
		19E5A511197EA96D009FE7D5 /* SidebarViewController.m in Sources */ = {isa = PBXBuildFile; fileRef = 19E5A510197EA96D009FE7D5 /* SidebarViewController.m */; };
		19F307DE1CFC2F2F000F8F80 /* bayanSingleton.m in Sources */ = {isa = PBXBuildFile; fileRef = 19F307DD1CFC2F2F000F8F80 /* bayanSingleton.m */; };
		B770477D1A7922400089911F /* MapKit.framework in Frameworks */ = {isa = PBXBuildFile; fileRef = B770477C1A7922400089911F /* MapKit.framework */; };
		B77761351A77C569008C2C00 /* AudioPlayer.m in Sources */ = {isa = PBXBuildFile; fileRef = B77761341A77C569008C2C00 /* AudioPlayer.m */; };
/* End PBXBuildFile section */

/* Begin PBXContainerItemProxy section */
		19E5A4F9197EA902009FE7D5 /* PBXContainerItemProxy */ = {
			isa = PBXContainerItemProxy;
			containerPortal = 19E5A4CB197EA902009FE7D5 /* Project object */;
			proxyType = 1;
			remoteGlobalIDString = 19E5A4D2197EA902009FE7D5;
			remoteInfo = Fahmedeen;
		};
/* End PBXContainerItemProxy section */

/* Begin PBXFileReference section */
		194EABF11C44D47100D9868A /* Bolts.framework */ = {isa = PBXFileReference; lastKnownFileType = wrapper.framework; path = Bolts.framework; sourceTree = "<group>"; };
		194EABF21C44D47100D9868A /* Parse.framework */ = {isa = PBXFileReference; lastKnownFileType = wrapper.framework; path = Parse.framework; sourceTree = "<group>"; };
		194EABF51C44DB5800D9868A /* AudioToolbox.framework */ = {isa = PBXFileReference; lastKnownFileType = wrapper.framework; name = AudioToolbox.framework; path = System/Library/Frameworks/AudioToolbox.framework; sourceTree = SDKROOT; };
		194EABF71C44DB6100D9868A /* CFNetwork.framework */ = {isa = PBXFileReference; lastKnownFileType = wrapper.framework; name = CFNetwork.framework; path = System/Library/Frameworks/CFNetwork.framework; sourceTree = SDKROOT; };
		194EABF91C44DB7300D9868A /* QuartzCore.framework */ = {isa = PBXFileReference; lastKnownFileType = wrapper.framework; name = QuartzCore.framework; path = System/Library/Frameworks/QuartzCore.framework; sourceTree = SDKROOT; };
		194EABFB1C44DB7F00D9868A /* Security.framework */ = {isa = PBXFileReference; lastKnownFileType = wrapper.framework; name = Security.framework; path = System/Library/Frameworks/Security.framework; sourceTree = SDKROOT; };
		194EABFF1C44DB9100D9868A /* SystemConfiguration.framework */ = {isa = PBXFileReference; lastKnownFileType = wrapper.framework; name = SystemConfiguration.framework; path = System/Library/Frameworks/SystemConfiguration.framework; sourceTree = SDKROOT; };
		194EAC011C44DB9D00D9868A /* libz.tbd */ = {isa = PBXFileReference; lastKnownFileType = "sourcecode.text-based-dylib-definition"; name = libz.tbd; path = usr/lib/libz.tbd; sourceTree = SDKROOT; };
		194EAC031C44DBA800D9868A /* libsqlite3.tbd */ = {isa = PBXFileReference; lastKnownFileType = "sourcecode.text-based-dylib-definition"; name = libsqlite3.tbd; path = usr/lib/libsqlite3.tbd; sourceTree = SDKROOT; };
		1961D1C61A77568800425562 /* About.h */ = {isa = PBXFileReference; fileEncoding = 4; lastKnownFileType = sourcecode.c.h; path = About.h; sourceTree = "<group>"; };
		1961D1C71A77568800425562 /* About.m */ = {isa = PBXFileReference; fileEncoding = 4; lastKnownFileType = sourcecode.c.objc; path = About.m; sourceTree = "<group>"; };
		1961D1C91A77569D00425562 /* Contact.h */ = {isa = PBXFileReference; fileEncoding = 4; lastKnownFileType = sourcecode.c.h; path = Contact.h; sourceTree = "<group>"; };
		1961D1CA1A77569D00425562 /* Contact.m */ = {isa = PBXFileReference; fileEncoding = 4; lastKnownFileType = sourcecode.c.objc; path = Contact.m; sourceTree = "<group>"; };
		1961D1CC1A7759FC00425562 /* AVFoundation.framework */ = {isa = PBXFileReference; lastKnownFileType = wrapper.framework; name = AVFoundation.framework; path = System/Library/Frameworks/AVFoundation.framework; sourceTree = SDKROOT; };
		198D77C31C3D2CF300973A6D /* bayanCell.h */ = {isa = PBXFileReference; fileEncoding = 4; lastKnownFileType = sourcecode.c.h; path = bayanCell.h; sourceTree = "<group>"; };
		198D77C41C3D2CF300973A6D /* bayanCell.m */ = {isa = PBXFileReference; fileEncoding = 4; lastKnownFileType = sourcecode.c.objc; path = bayanCell.m; sourceTree = "<group>"; };
		199B87AB1A850B11009E43AC /* WebService.h */ = {isa = PBXFileReference; fileEncoding = 4; lastKnownFileType = sourcecode.c.h; path = WebService.h; sourceTree = "<group>"; };
		199B87AC1A850B11009E43AC /* WebService.m */ = {isa = PBXFileReference; fileEncoding = 4; lastKnownFileType = sourcecode.c.objc; path = WebService.m; sourceTree = "<group>"; };
		199B87AE1A850B81009E43AC /* Constants.h */ = {isa = PBXFileReference; lastKnownFileType = sourcecode.c.h; path = Constants.h; sourceTree = "<group>"; };
		19E5A4D3197EA902009FE7D5 /* Fahmedeen.app */ = {isa = PBXFileReference; explicitFileType = wrapper.application; includeInIndex = 0; path = Fahmedeen.app; sourceTree = BUILT_PRODUCTS_DIR; };
		19E5A4D6197EA902009FE7D5 /* Foundation.framework */ = {isa = PBXFileReference; lastKnownFileType = wrapper.framework; name = Foundation.framework; path = System/Library/Frameworks/Foundation.framework; sourceTree = SDKROOT; };
		19E5A4D8197EA902009FE7D5 /* CoreGraphics.framework */ = {isa = PBXFileReference; lastKnownFileType = wrapper.framework; name = CoreGraphics.framework; path = System/Library/Frameworks/CoreGraphics.framework; sourceTree = SDKROOT; };
		19E5A4DA197EA902009FE7D5 /* UIKit.framework */ = {isa = PBXFileReference; lastKnownFileType = wrapper.framework; name = UIKit.framework; path = System/Library/Frameworks/UIKit.framework; sourceTree = SDKROOT; };
		19E5A4DE197EA902009FE7D5 /* Fahmedeen-Info.plist */ = {isa = PBXFileReference; lastKnownFileType = text.plist.xml; path = "Fahmedeen-Info.plist"; sourceTree = "<group>"; };
		19E5A4E0197EA902009FE7D5 /* en */ = {isa = PBXFileReference; lastKnownFileType = text.plist.strings; name = en; path = en.lproj/InfoPlist.strings; sourceTree = "<group>"; };
		19E5A4E2197EA902009FE7D5 /* main.m */ = {isa = PBXFileReference; lastKnownFileType = sourcecode.c.objc; path = main.m; sourceTree = "<group>"; };
		19E5A4E4197EA902009FE7D5 /* Fahmedeen-Prefix.pch */ = {isa = PBXFileReference; lastKnownFileType = sourcecode.c.h; path = "Fahmedeen-Prefix.pch"; sourceTree = "<group>"; };
		19E5A4E5197EA902009FE7D5 /* AppDelegate.h */ = {isa = PBXFileReference; lastKnownFileType = sourcecode.c.h; path = AppDelegate.h; sourceTree = "<group>"; };
		19E5A4E6197EA902009FE7D5 /* AppDelegate.m */ = {isa = PBXFileReference; lastKnownFileType = sourcecode.c.objc; path = AppDelegate.m; sourceTree = "<group>"; };
		19E5A4E9197EA902009FE7D5 /* Base */ = {isa = PBXFileReference; lastKnownFileType = file.storyboard; name = Base; path = Base.lproj/Main.storyboard; sourceTree = "<group>"; };
		19E5A4EB197EA902009FE7D5 /* Bayan.h */ = {isa = PBXFileReference; lastKnownFileType = sourcecode.c.h; path = Bayan.h; sourceTree = "<group>"; };
		19E5A4EC197EA902009FE7D5 /* Bayan.m */ = {isa = PBXFileReference; lastKnownFileType = sourcecode.c.objc; path = Bayan.m; sourceTree = "<group>"; };
		19E5A4EE197EA902009FE7D5 /* Images.xcassets */ = {isa = PBXFileReference; lastKnownFileType = folder.assetcatalog; path = Images.xcassets; sourceTree = "<group>"; };
		19E5A4F4197EA902009FE7D5 /* FahmedeenTests.xctest */ = {isa = PBXFileReference; explicitFileType = wrapper.cfbundle; includeInIndex = 0; path = FahmedeenTests.xctest; sourceTree = BUILT_PRODUCTS_DIR; };
		19E5A4F5197EA902009FE7D5 /* XCTest.framework */ = {isa = PBXFileReference; lastKnownFileType = wrapper.framework; name = XCTest.framework; path = Library/Frameworks/XCTest.framework; sourceTree = DEVELOPER_DIR; };
		19E5A4FD197EA902009FE7D5 /* FahmedeenTests-Info.plist */ = {isa = PBXFileReference; lastKnownFileType = text.plist.xml; path = "FahmedeenTests-Info.plist"; sourceTree = "<group>"; };
		19E5A4FF197EA902009FE7D5 /* en */ = {isa = PBXFileReference; lastKnownFileType = text.plist.strings; name = en; path = en.lproj/InfoPlist.strings; sourceTree = "<group>"; };
		19E5A501197EA902009FE7D5 /* FahmedeenTests.m */ = {isa = PBXFileReference; lastKnownFileType = sourcecode.c.objc; path = FahmedeenTests.m; sourceTree = "<group>"; };
		19E5A50B197EA944009FE7D5 /* SWRevealViewController.m */ = {isa = PBXFileReference; fileEncoding = 4; lastKnownFileType = sourcecode.c.objc; name = SWRevealViewController.m; path = Fahmedeen/SWRevealViewController.m; sourceTree = "<group>"; };
		19E5A50C197EA944009FE7D5 /* SWRevealViewController.h */ = {isa = PBXFileReference; fileEncoding = 4; lastKnownFileType = sourcecode.c.h; name = SWRevealViewController.h; path = Fahmedeen/SWRevealViewController.h; sourceTree = "<group>"; };
		19E5A50F197EA96D009FE7D5 /* SidebarViewController.h */ = {isa = PBXFileReference; fileEncoding = 4; lastKnownFileType = sourcecode.c.h; path = SidebarViewController.h; sourceTree = "<group>"; };
		19E5A510197EA96D009FE7D5 /* SidebarViewController.m */ = {isa = PBXFileReference; fileEncoding = 4; lastKnownFileType = sourcecode.c.objc; path = SidebarViewController.m; sourceTree = "<group>"; };
		19F307DC1CFC2F2F000F8F80 /* bayanSingleton.h */ = {isa = PBXFileReference; fileEncoding = 4; lastKnownFileType = sourcecode.c.h; path = bayanSingleton.h; sourceTree = "<group>"; };
		19F307DD1CFC2F2F000F8F80 /* bayanSingleton.m */ = {isa = PBXFileReference; fileEncoding = 4; lastKnownFileType = sourcecode.c.objc; path = bayanSingleton.m; sourceTree = "<group>"; };
		B770477C1A7922400089911F /* MapKit.framework */ = {isa = PBXFileReference; lastKnownFileType = wrapper.framework; name = MapKit.framework; path = System/Library/Frameworks/MapKit.framework; sourceTree = SDKROOT; };
		B77761331A77C569008C2C00 /* AudioPlayer.h */ = {isa = PBXFileReference; fileEncoding = 4; lastKnownFileType = sourcecode.c.h; path = AudioPlayer.h; sourceTree = "<group>"; };
		B77761341A77C569008C2C00 /* AudioPlayer.m */ = {isa = PBXFileReference; fileEncoding = 4; lastKnownFileType = sourcecode.c.objc; path = AudioPlayer.m; sourceTree = "<group>"; };
/* End PBXFileReference section */

/* Begin PBXFrameworksBuildPhase section */
		19E5A4D0197EA902009FE7D5 /* Frameworks */ = {
			isa = PBXFrameworksBuildPhase;
			buildActionMask = 2147483647;
			files = (
				194EAC041C44DBA800D9868A /* libsqlite3.tbd in Frameworks */,
				194EAC021C44DB9D00D9868A /* libz.tbd in Frameworks */,
				194EAC001C44DB9100D9868A /* SystemConfiguration.framework in Frameworks */,
				194EABFC1C44DB7F00D9868A /* Security.framework in Frameworks */,
				194EABFA1C44DB7300D9868A /* QuartzCore.framework in Frameworks */,
				19E5A4D9197EA902009FE7D5 /* CoreGraphics.framework in Frameworks */,
				194EABF81C44DB6100D9868A /* CFNetwork.framework in Frameworks */,
				194EABF61C44DB5900D9868A /* AudioToolbox.framework in Frameworks */,
				B770477D1A7922400089911F /* MapKit.framework in Frameworks */,
				1961D1CD1A7759FC00425562 /* AVFoundation.framework in Frameworks */,
				194EABF41C44D47100D9868A /* Parse.framework in Frameworks */,
				194EABF31C44D47100D9868A /* Bolts.framework in Frameworks */,
				19E5A4DB197EA902009FE7D5 /* UIKit.framework in Frameworks */,
				19E5A4D7197EA902009FE7D5 /* Foundation.framework in Frameworks */,
			);
			runOnlyForDeploymentPostprocessing = 0;
		};
		19E5A4F1197EA902009FE7D5 /* Frameworks */ = {
			isa = PBXFrameworksBuildPhase;
			buildActionMask = 2147483647;
			files = (
				19E5A4F6197EA902009FE7D5 /* XCTest.framework in Frameworks */,
				19E5A4F8197EA902009FE7D5 /* UIKit.framework in Frameworks */,
				19E5A4F7197EA902009FE7D5 /* Foundation.framework in Frameworks */,
			);
			runOnlyForDeploymentPostprocessing = 0;
		};
/* End PBXFrameworksBuildPhase section */

/* Begin PBXGroup section */
		19E5A4CA197EA902009FE7D5 = {
			isa = PBXGroup;
			children = (
				19E5A4DC197EA902009FE7D5 /* Fahmedeen */,
				19E5A4FB197EA902009FE7D5 /* FahmedeenTests */,
				19E5A4D5197EA902009FE7D5 /* Frameworks */,
				19E5A4D4197EA902009FE7D5 /* Products */,
			);
			sourceTree = "<group>";
		};
		19E5A4D4197EA902009FE7D5 /* Products */ = {
			isa = PBXGroup;
			children = (
				19E5A4D3197EA902009FE7D5 /* Fahmedeen.app */,
				19E5A4F4197EA902009FE7D5 /* FahmedeenTests.xctest */,
			);
			name = Products;
			sourceTree = "<group>";
		};
		19E5A4D5197EA902009FE7D5 /* Frameworks */ = {
			isa = PBXGroup;
			children = (
				194EAC031C44DBA800D9868A /* libsqlite3.tbd */,
				194EAC011C44DB9D00D9868A /* libz.tbd */,
				194EABFF1C44DB9100D9868A /* SystemConfiguration.framework */,
				194EABFB1C44DB7F00D9868A /* Security.framework */,
				194EABF91C44DB7300D9868A /* QuartzCore.framework */,
				194EABF71C44DB6100D9868A /* CFNetwork.framework */,
				194EABF51C44DB5800D9868A /* AudioToolbox.framework */,
				194EABF11C44D47100D9868A /* Bolts.framework */,
				194EABF21C44D47100D9868A /* Parse.framework */,
				B770477C1A7922400089911F /* MapKit.framework */,
				1961D1CC1A7759FC00425562 /* AVFoundation.framework */,
				19E5A4D6197EA902009FE7D5 /* Foundation.framework */,
				19E5A4D8197EA902009FE7D5 /* CoreGraphics.framework */,
				19E5A4DA197EA902009FE7D5 /* UIKit.framework */,
				19E5A4F5197EA902009FE7D5 /* XCTest.framework */,
			);
			name = Frameworks;
			sourceTree = "<group>";
		};
		19E5A4DC197EA902009FE7D5 /* Fahmedeen */ = {
			isa = PBXGroup;
			children = (
				B77761361A77C576008C2C00 /* AudioSupport */,
				19E5A4E8197EA902009FE7D5 /* Main.storyboard */,
				19E5A4E5197EA902009FE7D5 /* AppDelegate.h */,
				19E5A4E6197EA902009FE7D5 /* AppDelegate.m */,
				199B87AB1A850B11009E43AC /* WebService.h */,
				199B87AC1A850B11009E43AC /* WebService.m */,
				199B87AE1A850B81009E43AC /* Constants.h */,
				19E5A4EB197EA902009FE7D5 /* Bayan.h */,
				19E5A4EC197EA902009FE7D5 /* Bayan.m */,
				198D77C31C3D2CF300973A6D /* bayanCell.h */,
				198D77C41C3D2CF300973A6D /* bayanCell.m */,
				19E5A50F197EA96D009FE7D5 /* SidebarViewController.h */,
				19E5A510197EA96D009FE7D5 /* SidebarViewController.m */,
				1961D1C61A77568800425562 /* About.h */,
				1961D1C71A77568800425562 /* About.m */,
				1961D1C91A77569D00425562 /* Contact.h */,
				1961D1CA1A77569D00425562 /* Contact.m */,
				19F307DC1CFC2F2F000F8F80 /* bayanSingleton.h */,
				19F307DD1CFC2F2F000F8F80 /* bayanSingleton.m */,
				19E5A4EE197EA902009FE7D5 /* Images.xcassets */,
				19E5A50E197EA952009FE7D5 /* Library */,
				19E5A4DD197EA902009FE7D5 /* Supporting Files */,
			);
			path = Fahmedeen;
			sourceTree = "<group>";
		};
		19E5A4DD197EA902009FE7D5 /* Supporting Files */ = {
			isa = PBXGroup;
			children = (
				19E5A4DE197EA902009FE7D5 /* Fahmedeen-Info.plist */,
				19E5A4DF197EA902009FE7D5 /* InfoPlist.strings */,
				19E5A4E2197EA902009FE7D5 /* main.m */,
				19E5A4E4197EA902009FE7D5 /* Fahmedeen-Prefix.pch */,
			);
			name = "Supporting Files";
			sourceTree = "<group>";
		};
		19E5A4FB197EA902009FE7D5 /* FahmedeenTests */ = {
			isa = PBXGroup;
			children = (
				19E5A501197EA902009FE7D5 /* FahmedeenTests.m */,
				19E5A4FC197EA902009FE7D5 /* Supporting Files */,
			);
			path = FahmedeenTests;
			sourceTree = "<group>";
		};
		19E5A4FC197EA902009FE7D5 /* Supporting Files */ = {
			isa = PBXGroup;
			children = (
				19E5A4FD197EA902009FE7D5 /* FahmedeenTests-Info.plist */,
				19E5A4FE197EA902009FE7D5 /* InfoPlist.strings */,
			);
			name = "Supporting Files";
			sourceTree = "<group>";
		};
		19E5A50E197EA952009FE7D5 /* Library */ = {
			isa = PBXGroup;
			children = (
				19E5A50B197EA944009FE7D5 /* SWRevealViewController.m */,
				19E5A50C197EA944009FE7D5 /* SWRevealViewController.h */,
			);
			name = Library;
			path = ..;
			sourceTree = "<group>";
		};
		B77761361A77C576008C2C00 /* AudioSupport */ = {
			isa = PBXGroup;
			children = (
				B77761331A77C569008C2C00 /* AudioPlayer.h */,
				B77761341A77C569008C2C00 /* AudioPlayer.m */,
			);
			name = AudioSupport;
			sourceTree = "<group>";
		};
/* End PBXGroup section */

/* Begin PBXNativeTarget section */
		19E5A4D2197EA902009FE7D5 /* Fahmedeen */ = {
			isa = PBXNativeTarget;
			buildConfigurationList = 19E5A505197EA902009FE7D5 /* Build configuration list for PBXNativeTarget "Fahmedeen" */;
			buildPhases = (
				19E5A4CF197EA902009FE7D5 /* Sources */,
				19E5A4D0197EA902009FE7D5 /* Frameworks */,
				19E5A4D1197EA902009FE7D5 /* Resources */,
			);
			buildRules = (
			);
			dependencies = (
			);
			name = Fahmedeen;
			productName = Fahmedeen;
			productReference = 19E5A4D3197EA902009FE7D5 /* Fahmedeen.app */;
			productType = "com.apple.product-type.application";
		};
		19E5A4F3197EA902009FE7D5 /* FahmedeenTests */ = {
			isa = PBXNativeTarget;
			buildConfigurationList = 19E5A508197EA902009FE7D5 /* Build configuration list for PBXNativeTarget "FahmedeenTests" */;
			buildPhases = (
				19E5A4F0197EA902009FE7D5 /* Sources */,
				19E5A4F1197EA902009FE7D5 /* Frameworks */,
				19E5A4F2197EA902009FE7D5 /* Resources */,
			);
			buildRules = (
			);
			dependencies = (
				19E5A4FA197EA902009FE7D5 /* PBXTargetDependency */,
			);
			name = FahmedeenTests;
			productName = FahmedeenTests;
			productReference = 19E5A4F4197EA902009FE7D5 /* FahmedeenTests.xctest */;
			productType = "com.apple.product-type.bundle.unit-test";
		};
/* End PBXNativeTarget section */

/* Begin PBXProject section */
		19E5A4CB197EA902009FE7D5 /* Project object */ = {
			isa = PBXProject;
			attributes = {
				LastUpgradeCheck = 0510;
				ORGANIZATIONNAME = "Zainu Corporation";
				TargetAttributes = {
					19E5A4D2197EA902009FE7D5 = {
						DevelopmentTeam = 5AGD336E8Z;
						SystemCapabilities = {
							com.apple.InAppPurchase = {
								enabled = 0;
							};
						};
					};
					19E5A4F3197EA902009FE7D5 = {
						TestTargetID = 19E5A4D2197EA902009FE7D5;
					};
				};
			};
			buildConfigurationList = 19E5A4CE197EA902009FE7D5 /* Build configuration list for PBXProject "Fahmedeen" */;
			compatibilityVersion = "Xcode 3.2";
			developmentRegion = English;
			hasScannedForEncodings = 0;
			knownRegions = (
				en,
				Base,
			);
			mainGroup = 19E5A4CA197EA902009FE7D5;
			productRefGroup = 19E5A4D4197EA902009FE7D5 /* Products */;
			projectDirPath = "";
			projectRoot = "";
			targets = (
				19E5A4D2197EA902009FE7D5 /* Fahmedeen */,
				19E5A4F3197EA902009FE7D5 /* FahmedeenTests */,
			);
		};
/* End PBXProject section */

/* Begin PBXResourcesBuildPhase section */
		19E5A4D1197EA902009FE7D5 /* Resources */ = {
			isa = PBXResourcesBuildPhase;
			buildActionMask = 2147483647;
			files = (
				19E5A4EF197EA902009FE7D5 /* Images.xcassets in Resources */,
				19E5A4E1197EA902009FE7D5 /* InfoPlist.strings in Resources */,
				19E5A4EA197EA902009FE7D5 /* Main.storyboard in Resources */,
			);
			runOnlyForDeploymentPostprocessing = 0;
		};
		19E5A4F2197EA902009FE7D5 /* Resources */ = {
			isa = PBXResourcesBuildPhase;
			buildActionMask = 2147483647;
			files = (
				19E5A500197EA902009FE7D5 /* InfoPlist.strings in Resources */,
			);
			runOnlyForDeploymentPostprocessing = 0;
		};
/* End PBXResourcesBuildPhase section */

/* Begin PBXSourcesBuildPhase section */
		19E5A4CF197EA902009FE7D5 /* Sources */ = {
			isa = PBXSourcesBuildPhase;
			buildActionMask = 2147483647;
			files = (
				199B87AD1A850B11009E43AC /* WebService.m in Sources */,
				19E5A511197EA96D009FE7D5 /* SidebarViewController.m in Sources */,
				19E5A4ED197EA902009FE7D5 /* Bayan.m in Sources */,
				19E5A4E7197EA902009FE7D5 /* AppDelegate.m in Sources */,
				19F307DE1CFC2F2F000F8F80 /* bayanSingleton.m in Sources */,
				B77761351A77C569008C2C00 /* AudioPlayer.m in Sources */,
				198D77C51C3D2CF300973A6D /* bayanCell.m in Sources */,
				1961D1C81A77568800425562 /* About.m in Sources */,
				1961D1CB1A77569D00425562 /* Contact.m in Sources */,
				19E5A4E3197EA902009FE7D5 /* main.m in Sources */,
				19E5A50D197EA944009FE7D5 /* SWRevealViewController.m in Sources */,
			);
			runOnlyForDeploymentPostprocessing = 0;
		};
		19E5A4F0197EA902009FE7D5 /* Sources */ = {
			isa = PBXSourcesBuildPhase;
			buildActionMask = 2147483647;
			files = (
				19E5A502197EA902009FE7D5 /* FahmedeenTests.m in Sources */,
			);
			runOnlyForDeploymentPostprocessing = 0;
		};
/* End PBXSourcesBuildPhase section */

/* Begin PBXTargetDependency section */
		19E5A4FA197EA902009FE7D5 /* PBXTargetDependency */ = {
			isa = PBXTargetDependency;
			target = 19E5A4D2197EA902009FE7D5 /* Fahmedeen */;
			targetProxy = 19E5A4F9197EA902009FE7D5 /* PBXContainerItemProxy */;
		};
/* End PBXTargetDependency section */

/* Begin PBXVariantGroup section */
		19E5A4DF197EA902009FE7D5 /* InfoPlist.strings */ = {
			isa = PBXVariantGroup;
			children = (
				19E5A4E0197EA902009FE7D5 /* en */,
			);
			name = InfoPlist.strings;
			sourceTree = "<group>";
		};
		19E5A4E8197EA902009FE7D5 /* Main.storyboard */ = {
			isa = PBXVariantGroup;
			children = (
				19E5A4E9197EA902009FE7D5 /* Base */,
			);
			name = Main.storyboard;
			sourceTree = "<group>";
		};
		19E5A4FE197EA902009FE7D5 /* InfoPlist.strings */ = {
			isa = PBXVariantGroup;
			children = (
				19E5A4FF197EA902009FE7D5 /* en */,
			);
			name = InfoPlist.strings;
			sourceTree = "<group>";
		};
/* End PBXVariantGroup section */

/* Begin XCBuildConfiguration section */
		19E5A503197EA902009FE7D5 /* Debug */ = {
			isa = XCBuildConfiguration;
			buildSettings = {
				ALWAYS_SEARCH_USER_PATHS = NO;
				CLANG_CXX_LANGUAGE_STANDARD = "gnu++0x";
				CLANG_CXX_LIBRARY = "libc++";
				CLANG_ENABLE_MODULES = YES;
				CLANG_ENABLE_OBJC_ARC = YES;
				CLANG_WARN_BOOL_CONVERSION = YES;
				CLANG_WARN_CONSTANT_CONVERSION = YES;
				CLANG_WARN_DIRECT_OBJC_ISA_USAGE = YES_ERROR;
				CLANG_WARN_EMPTY_BODY = YES;
				CLANG_WARN_ENUM_CONVERSION = YES;
				CLANG_WARN_INT_CONVERSION = YES;
				CLANG_WARN_OBJC_ROOT_CLASS = YES_ERROR;
				CLANG_WARN__DUPLICATE_METHOD_MATCH = YES;
				CODE_SIGN_IDENTITY = "iPhone Developer: Uzair Zaveri (EPR8JCKMKG)";
				"CODE_SIGN_IDENTITY[sdk=iphoneos*]" = "iPhone Developer: Uzair Zaveri (EPR8JCKMKG)";
				COPY_PHASE_STRIP = NO;
				ENABLE_BITCODE = YES;
				GCC_C_LANGUAGE_STANDARD = gnu99;
				GCC_DYNAMIC_NO_PIC = NO;
				GCC_OPTIMIZATION_LEVEL = 0;
				GCC_PREPROCESSOR_DEFINITIONS = (
					"DEBUG=1",
					"$(inherited)",
				);
				GCC_SYMBOLS_PRIVATE_EXTERN = NO;
				GCC_WARN_64_TO_32_BIT_CONVERSION = YES;
				GCC_WARN_ABOUT_RETURN_TYPE = YES_ERROR;
				GCC_WARN_UNDECLARED_SELECTOR = YES;
				GCC_WARN_UNINITIALIZED_AUTOS = YES;
				GCC_WARN_UNUSED_FUNCTION = YES;
				GCC_WARN_UNUSED_VARIABLE = YES;
				IPHONEOS_DEPLOYMENT_TARGET = 7.0;
				ONLY_ACTIVE_ARCH = YES;
<<<<<<< Updated upstream
				PROVISIONING_PROFILE = "e966883f-5d8c-443f-aa0a-de0d9e4154f4";
=======
				PROVISIONING_PROFILE = "97308d28-16e5-41df-ac8f-75a9b7b75cb6";
>>>>>>> Stashed changes
				SDKROOT = iphoneos;
			};
			name = Debug;
		};
		19E5A504197EA902009FE7D5 /* Release */ = {
			isa = XCBuildConfiguration;
			buildSettings = {
				ALWAYS_SEARCH_USER_PATHS = NO;
				CLANG_CXX_LANGUAGE_STANDARD = "gnu++0x";
				CLANG_CXX_LIBRARY = "libc++";
				CLANG_ENABLE_MODULES = YES;
				CLANG_ENABLE_OBJC_ARC = YES;
				CLANG_WARN_BOOL_CONVERSION = YES;
				CLANG_WARN_CONSTANT_CONVERSION = YES;
				CLANG_WARN_DIRECT_OBJC_ISA_USAGE = YES_ERROR;
				CLANG_WARN_EMPTY_BODY = YES;
				CLANG_WARN_ENUM_CONVERSION = YES;
				CLANG_WARN_INT_CONVERSION = YES;
				CLANG_WARN_OBJC_ROOT_CLASS = YES_ERROR;
				CLANG_WARN__DUPLICATE_METHOD_MATCH = YES;
				CODE_SIGN_IDENTITY = "iPhone Developer: Uzair Zaveri (EPR8JCKMKG)";
				"CODE_SIGN_IDENTITY[sdk=iphoneos*]" = "iPhone Developer: Uzair Zaveri (EPR8JCKMKG)";
				COPY_PHASE_STRIP = YES;
				ENABLE_BITCODE = YES;
				ENABLE_NS_ASSERTIONS = NO;
				GCC_C_LANGUAGE_STANDARD = gnu99;
				GCC_WARN_64_TO_32_BIT_CONVERSION = YES;
				GCC_WARN_ABOUT_RETURN_TYPE = YES_ERROR;
				GCC_WARN_UNDECLARED_SELECTOR = YES;
				GCC_WARN_UNINITIALIZED_AUTOS = YES;
				GCC_WARN_UNUSED_FUNCTION = YES;
				GCC_WARN_UNUSED_VARIABLE = YES;
				IPHONEOS_DEPLOYMENT_TARGET = 7.0;
<<<<<<< Updated upstream
				PROVISIONING_PROFILE = "e966883f-5d8c-443f-aa0a-de0d9e4154f4";
=======
				PROVISIONING_PROFILE = "97308d28-16e5-41df-ac8f-75a9b7b75cb6";
>>>>>>> Stashed changes
				SDKROOT = iphoneos;
				VALIDATE_PRODUCT = YES;
			};
			name = Release;
		};
		19E5A506197EA902009FE7D5 /* Debug */ = {
			isa = XCBuildConfiguration;
			buildSettings = {
				ASSETCATALOG_COMPILER_APPICON_NAME = AppIcon;
				ASSETCATALOG_COMPILER_LAUNCHIMAGE_NAME = LaunchImage;
<<<<<<< Updated upstream
				CODE_SIGN_IDENTITY = "iPhone Developer: Uzair Zaveri (EPR8JCKMKG)";
=======
				CODE_SIGN_IDENTITY = "iPhone Developer";
				"CODE_SIGN_IDENTITY[sdk=iphoneos*]" = "iPhone Developer";
>>>>>>> Stashed changes
				ENABLE_BITCODE = YES;
				FRAMEWORK_SEARCH_PATHS = (
					"$(inherited)",
					"$(PROJECT_DIR)",
				);
				GCC_PRECOMPILE_PREFIX_HEADER = YES;
				GCC_PREFIX_HEADER = "Fahmedeen/Fahmedeen-Prefix.pch";
				INFOPLIST_FILE = "Fahmedeen/Fahmedeen-Info.plist";
				PRODUCT_BUNDLE_IDENTIFIER = com.avialdo.baitussalam;
				PRODUCT_NAME = "$(TARGET_NAME)";
<<<<<<< Updated upstream
				PROVISIONING_PROFILE = "e966883f-5d8c-443f-aa0a-de0d9e4154f4";
=======
				PROVISIONING_PROFILE = "";
>>>>>>> Stashed changes
				WRAPPER_EXTENSION = app;
			};
			name = Debug;
		};
		19E5A507197EA902009FE7D5 /* Release */ = {
			isa = XCBuildConfiguration;
			buildSettings = {
				ASSETCATALOG_COMPILER_APPICON_NAME = AppIcon;
				ASSETCATALOG_COMPILER_LAUNCHIMAGE_NAME = LaunchImage;
<<<<<<< Updated upstream
				CODE_SIGN_IDENTITY = "iPhone Developer: Uzair Zaveri (EPR8JCKMKG)";
=======
				CODE_SIGN_IDENTITY = "iPhone Developer";
				"CODE_SIGN_IDENTITY[sdk=iphoneos*]" = "iPhone Developer";
>>>>>>> Stashed changes
				ENABLE_BITCODE = YES;
				FRAMEWORK_SEARCH_PATHS = (
					"$(inherited)",
					"$(PROJECT_DIR)",
				);
				GCC_PRECOMPILE_PREFIX_HEADER = YES;
				GCC_PREFIX_HEADER = "Fahmedeen/Fahmedeen-Prefix.pch";
				INFOPLIST_FILE = "Fahmedeen/Fahmedeen-Info.plist";
				PRODUCT_BUNDLE_IDENTIFIER = com.avialdo.baitussalam;
				PRODUCT_NAME = "$(TARGET_NAME)";
<<<<<<< Updated upstream
				PROVISIONING_PROFILE = "e966883f-5d8c-443f-aa0a-de0d9e4154f4";
=======
				PROVISIONING_PROFILE = "";
>>>>>>> Stashed changes
				WRAPPER_EXTENSION = app;
			};
			name = Release;
		};
		19E5A509197EA902009FE7D5 /* Debug */ = {
			isa = XCBuildConfiguration;
			buildSettings = {
				BUNDLE_LOADER = "$(BUILT_PRODUCTS_DIR)/Fahmedeen.app/Fahmedeen";
				FRAMEWORK_SEARCH_PATHS = (
					"$(SDKROOT)/Developer/Library/Frameworks",
					"$(inherited)",
					"$(DEVELOPER_FRAMEWORKS_DIR)",
				);
				GCC_PRECOMPILE_PREFIX_HEADER = YES;
				GCC_PREFIX_HEADER = "Fahmedeen/Fahmedeen-Prefix.pch";
				GCC_PREPROCESSOR_DEFINITIONS = (
					"DEBUG=1",
					"$(inherited)",
				);
				INFOPLIST_FILE = "FahmedeenTests/FahmedeenTests-Info.plist";
				PRODUCT_NAME = "$(TARGET_NAME)";
				TEST_HOST = "$(BUNDLE_LOADER)";
				WRAPPER_EXTENSION = xctest;
			};
			name = Debug;
		};
		19E5A50A197EA902009FE7D5 /* Release */ = {
			isa = XCBuildConfiguration;
			buildSettings = {
				BUNDLE_LOADER = "$(BUILT_PRODUCTS_DIR)/Fahmedeen.app/Fahmedeen";
				FRAMEWORK_SEARCH_PATHS = (
					"$(SDKROOT)/Developer/Library/Frameworks",
					"$(inherited)",
					"$(DEVELOPER_FRAMEWORKS_DIR)",
				);
				GCC_PRECOMPILE_PREFIX_HEADER = YES;
				GCC_PREFIX_HEADER = "Fahmedeen/Fahmedeen-Prefix.pch";
				INFOPLIST_FILE = "FahmedeenTests/FahmedeenTests-Info.plist";
				PRODUCT_NAME = "$(TARGET_NAME)";
				TEST_HOST = "$(BUNDLE_LOADER)";
				WRAPPER_EXTENSION = xctest;
			};
			name = Release;
		};
/* End XCBuildConfiguration section */

/* Begin XCConfigurationList section */
		19E5A4CE197EA902009FE7D5 /* Build configuration list for PBXProject "Fahmedeen" */ = {
			isa = XCConfigurationList;
			buildConfigurations = (
				19E5A503197EA902009FE7D5 /* Debug */,
				19E5A504197EA902009FE7D5 /* Release */,
			);
			defaultConfigurationIsVisible = 0;
			defaultConfigurationName = Release;
		};
		19E5A505197EA902009FE7D5 /* Build configuration list for PBXNativeTarget "Fahmedeen" */ = {
			isa = XCConfigurationList;
			buildConfigurations = (
				19E5A506197EA902009FE7D5 /* Debug */,
				19E5A507197EA902009FE7D5 /* Release */,
			);
			defaultConfigurationIsVisible = 0;
			defaultConfigurationName = Release;
		};
		19E5A508197EA902009FE7D5 /* Build configuration list for PBXNativeTarget "FahmedeenTests" */ = {
			isa = XCConfigurationList;
			buildConfigurations = (
				19E5A509197EA902009FE7D5 /* Debug */,
				19E5A50A197EA902009FE7D5 /* Release */,
			);
			defaultConfigurationIsVisible = 0;
			defaultConfigurationName = Release;
		};
/* End XCConfigurationList section */
	};
	rootObject = 19E5A4CB197EA902009FE7D5 /* Project object */;
}
